
Microsoft Visual Studio Solution File, Format Version 12.00
# Visual Studio Version 16
VisualStudioVersion = 16.0.30011.22
MinimumVisualStudioVersion = 10.0.40219.1
Project("{8BC9CEB8-8B4A-11D0-8D11-00A0C91BC942}") = "Lab 6", "Lab 6.vcxproj", "{B93B6598-3A43-4EDD-9A1B-44C621997296}"
EndProject
Global
	GlobalSection(SolutionConfigurationPlatforms) = preSolution
		Debug|x64 = Debug|x64
		Debug|x86 = Debug|x86
		Release|x64 = Release|x64
		Release|x86 = Release|x86
	EndGlobalSection
	GlobalSection(ProjectConfigurationPlatforms) = postSolution
		{B93B6598-3A43-4EDD-9A1B-44C621997296}.Debug|x64.ActiveCfg = Debug|x64
		{B93B6598-3A43-4EDD-9A1B-44C621997296}.Debug|x64.Build.0 = Debug|x64
		{B93B6598-3A43-4EDD-9A1B-44C621997296}.Debug|x86.ActiveCfg = Debug|Win32
		{B93B6598-3A43-4EDD-9A1B-44C621997296}.Debug|x86.Build.0 = Debug|Win32
		{B93B6598-3A43-4EDD-9A1B-44C621997296}.Release|x64.ActiveCfg = Release|x64
		{B93B6598-3A43-4EDD-9A1B-44C621997296}.Release|x64.Build.0 = Release|x64
		{B93B6598-3A43-4EDD-9A1B-44C621997296}.Release|x86.ActiveCfg = Release|Win32
		{B93B6598-3A43-4EDD-9A1B-44C621997296}.Release|x86.Build.0 = Release|Win32
	EndGlobalSection
	GlobalSection(SolutionProperties) = preSolution
		HideSolutionNode = FALSE
	EndGlobalSection
	GlobalSection(ExtensibilityGlobals) = postSolution
		SolutionGuid = {2430A3A2-FBBE-4350-BC74-1863260D3791}
	EndGlobalSection
EndGlobal
